// !$*UTF8*$!
{
	archiveVersion = 1;
	classes = {
	};
	objectVersion = 46;
	objects = {

/* Begin PBXBuildFile section */
		6E021540157B46B800057721 /* bidi.c in Sources */ = {isa = PBXBuildFile; fileRef = 6E021519157B46B800057721 /* bidi.c */; };
		6E021541157B46B800057721 /* bidi.h in Headers */ = {isa = PBXBuildFile; fileRef = 6E02151A157B46B800057721 /* bidi.h */; };
		6E021542157B46B800057721 /* bidi_class.h in Headers */ = {isa = PBXBuildFile; fileRef = 6E02151B157B46B800057721 /* bidi_class.h */; };
		6E021547157B46B800057721 /* fribidi_tab_mirroring.i in Sources */ = {isa = PBXBuildFile; fileRef = 6E021520157B46B800057721 /* fribidi_tab_mirroring.i */; };
		6E021549157B46B800057721 /* SFCMAPData.c in Sources */ = {isa = PBXBuildFile; fileRef = 6E021522157B46B800057721 /* SFCMAPData.c */; };
		6E02154A157B46B800057721 /* SFCMAPData.h in Headers */ = {isa = PBXBuildFile; fileRef = 6E021523157B46B800057721 /* SFCMAPData.h */; };
		6E02154B157B46B800057721 /* SFCMAPUtilization.c in Sources */ = {isa = PBXBuildFile; fileRef = 6E021524157B46B800057721 /* SFCMAPUtilization.c */; };
		6E02154C157B46B800057721 /* SFCMAPUtilization.h in Headers */ = {isa = PBXBuildFile; fileRef = 6E021525157B46B800057721 /* SFCMAPUtilization.h */; };
		6E02154D157B46B800057721 /* SFCommonData.c in Sources */ = {isa = PBXBuildFile; fileRef = 6E021526157B46B800057721 /* SFCommonData.c */; };
		6E02154E157B46B800057721 /* SFCommonData.h in Headers */ = {isa = PBXBuildFile; fileRef = 6E021527157B46B800057721 /* SFCommonData.h */; };
		6E021551157B46B800057721 /* SFGDEFData.c in Sources */ = {isa = PBXBuildFile; fileRef = 6E02152A157B46B800057721 /* SFGDEFData.c */; };
		6E021552157B46B800057721 /* SFGDEFData.h in Headers */ = {isa = PBXBuildFile; fileRef = 6E02152B157B46B800057721 /* SFGDEFData.h */; };
		6E021553157B46B800057721 /* SFGDEFUtilization.c in Sources */ = {isa = PBXBuildFile; fileRef = 6E02152C157B46B800057721 /* SFGDEFUtilization.c */; };
		6E021554157B46B800057721 /* SFGDEFUtilization.h in Headers */ = {isa = PBXBuildFile; fileRef = 6E02152D157B46B800057721 /* SFGDEFUtilization.h */; };
		6E021556157B46B800057721 /* SFGPOSData.c in Sources */ = {isa = PBXBuildFile; fileRef = 6E02152F157B46B800057721 /* SFGPOSData.c */; };
		6E021557157B46B800057721 /* SFGPOSData.h in Headers */ = {isa = PBXBuildFile; fileRef = 6E021530157B46B800057721 /* SFGPOSData.h */; };
		6E021558157B46B800057721 /* SFGPOSUtilization.c in Sources */ = {isa = PBXBuildFile; fileRef = 6E021531157B46B800057721 /* SFGPOSUtilization.c */; };
		6E021559157B46B800057721 /* SFGPOSUtilization.h in Headers */ = {isa = PBXBuildFile; fileRef = 6E021532157B46B800057721 /* SFGPOSUtilization.h */; };
		6E02155A157B46B800057721 /* SFGSUBData.c in Sources */ = {isa = PBXBuildFile; fileRef = 6E021533157B46B800057721 /* SFGSUBData.c */; };
		6E02155B157B46B800057721 /* SFGSUBData.h in Headers */ = {isa = PBXBuildFile; fileRef = 6E021534157B46B800057721 /* SFGSUBData.h */; };
		6E02155C157B46B800057721 /* SFGSUBUtilization.c in Sources */ = {isa = PBXBuildFile; fileRef = 6E021535157B46B800057721 /* SFGSUBUtilization.c */; };
		6E02155D157B46B800057721 /* SFGSUBUtilization.h in Headers */ = {isa = PBXBuildFile; fileRef = 6E021536157B46B800057721 /* SFGSUBUtilization.h */; };
		6E02155E157B46B800057721 /* SFInternal.c in Sources */ = {isa = PBXBuildFile; fileRef = 6E021537157B46B800057721 /* SFInternal.c */; };
		6E02155F157B46B800057721 /* SFInternal.h in Headers */ = {isa = PBXBuildFile; fileRef = 6E021538157B46B800057721 /* SFInternal.h */; };
		6E021564157B473B00057721 /* CoreGraphics.framework in Frameworks */ = {isa = PBXBuildFile; fileRef = 6E021563157B473B00057721 /* CoreGraphics.framework */; };
		6E2A9429163B0E69000B9FA1 /* SFFont.c in Sources */ = {isa = PBXBuildFile; fileRef = 6E2A9425163B0E69000B9FA1 /* SFFont.c */; };
		6E2A942A163B0E69000B9FA1 /* SFFont.h in Headers */ = {isa = PBXBuildFile; fileRef = 6E2A9426163B0E69000B9FA1 /* SFFont.h */; };
		6E2A942B163B0E69000B9FA1 /* SFText.c in Sources */ = {isa = PBXBuildFile; fileRef = 6E2A9427163B0E69000B9FA1 /* SFText.c */; };
		6E2A942C163B0E69000B9FA1 /* SFText.h in Headers */ = {isa = PBXBuildFile; fileRef = 6E2A9428163B0E69000B9FA1 /* SFText.h */; };
		6EAEDF0F163C031F0054FF6F /* fribidi_tab_char_type_9.i in Sources */ = {isa = PBXBuildFile; fileRef = 6EAEDF0C163C031E0054FF6F /* fribidi_tab_char_type_9.i */; };
		6EAEDF10163C031F0054FF6F /* interaction.c in Sources */ = {isa = PBXBuildFile; fileRef = 6EAEDF0D163C031E0054FF6F /* interaction.c */; };
		6EAEDF11163C031F0054FF6F /* interaction.h in Headers */ = {isa = PBXBuildFile; fileRef = 6EAEDF0E163C031E0054FF6F /* interaction.h */; };
		6EC20373157AD461002666E9 /* SFConfig.h in Headers */ = {isa = PBXBuildFile; fileRef = 6EC2034B157AD461002666E9 /* SFConfig.h */; settings = {ATTRIBUTES = (Public, ); }; };
		6EC2038B157ADA82002666E9 /* SFTypes.h in Headers */ = {isa = PBXBuildFile; fileRef = 6EC20377157AD7E7002666E9 /* SFTypes.h */; settings = {ATTRIBUTES = (Public, ); }; };
		6ED95B3C17114F8E004249C1 /* CoreFoundation.framework in Frameworks */ = {isa = PBXBuildFile; fileRef = 6ED95B3B17114F8D004249C1 /* CoreFoundation.framework */; };
		6EEAF2B117046AE400B1ED51 /* SFGSUBGPOSData.c in Sources */ = {isa = PBXBuildFile; fileRef = 6EEAF2AF17046AE400B1ED51 /* SFGSUBGPOSData.c */; };
		6EEAF2B217046AE400B1ED51 /* SFGSUBGPOSData.h in Headers */ = {isa = PBXBuildFile; fileRef = 6EEAF2B017046AE400B1ED51 /* SFGSUBGPOSData.h */; };
		6EEAF2B417046BEC00B1ED51 /* SFGSUBGPOSUtilization.c in Sources */ = {isa = PBXBuildFile; fileRef = 6EEAF2B317046BEC00B1ED51 /* SFGSUBGPOSUtilization.c */; };
/* End PBXBuildFile section */

/* Begin PBXFileReference section */
		6E021519157B46B800057721 /* bidi.c */ = {isa = PBXFileReference; fileEncoding = 4; lastKnownFileType = sourcecode.c.c; path = bidi.c; sourceTree = "<group>"; };
		6E02151A157B46B800057721 /* bidi.h */ = {isa = PBXFileReference; fileEncoding = 4; lastKnownFileType = sourcecode.c.h; path = bidi.h; sourceTree = "<group>"; };
		6E02151B157B46B800057721 /* bidi_class.h */ = {isa = PBXFileReference; fileEncoding = 4; lastKnownFileType = sourcecode.c.h; path = bidi_class.h; sourceTree = "<group>"; };
		6E021520157B46B800057721 /* fribidi_tab_mirroring.i */ = {isa = PBXFileReference; fileEncoding = 4; lastKnownFileType = sourcecode.c.c.preprocessed; path = fribidi_tab_mirroring.i; sourceTree = "<group>"; };
		6E021522157B46B800057721 /* SFCMAPData.c */ = {isa = PBXFileReference; fileEncoding = 4; lastKnownFileType = sourcecode.c.c; path = SFCMAPData.c; sourceTree = "<group>"; };
		6E021523157B46B800057721 /* SFCMAPData.h */ = {isa = PBXFileReference; fileEncoding = 4; lastKnownFileType = sourcecode.c.h; path = SFCMAPData.h; sourceTree = "<group>"; };
		6E021524157B46B800057721 /* SFCMAPUtilization.c */ = {isa = PBXFileReference; fileEncoding = 4; lastKnownFileType = sourcecode.c.c; path = SFCMAPUtilization.c; sourceTree = "<group>"; };
		6E021525157B46B800057721 /* SFCMAPUtilization.h */ = {isa = PBXFileReference; fileEncoding = 4; lastKnownFileType = sourcecode.c.h; path = SFCMAPUtilization.h; sourceTree = "<group>"; };
		6E021526157B46B800057721 /* SFCommonData.c */ = {isa = PBXFileReference; fileEncoding = 4; lastKnownFileType = sourcecode.c.c; path = SFCommonData.c; sourceTree = "<group>"; };
		6E021527157B46B800057721 /* SFCommonData.h */ = {isa = PBXFileReference; fileEncoding = 4; lastKnownFileType = sourcecode.c.h; path = SFCommonData.h; sourceTree = "<group>"; };
		6E02152A157B46B800057721 /* SFGDEFData.c */ = {isa = PBXFileReference; fileEncoding = 4; lastKnownFileType = sourcecode.c.c; path = SFGDEFData.c; sourceTree = "<group>"; };
		6E02152B157B46B800057721 /* SFGDEFData.h */ = {isa = PBXFileReference; fileEncoding = 4; lastKnownFileType = sourcecode.c.h; path = SFGDEFData.h; sourceTree = "<group>"; };
		6E02152C157B46B800057721 /* SFGDEFUtilization.c */ = {isa = PBXFileReference; fileEncoding = 4; lastKnownFileType = sourcecode.c.c; path = SFGDEFUtilization.c; sourceTree = "<group>"; };
		6E02152D157B46B800057721 /* SFGDEFUtilization.h */ = {isa = PBXFileReference; fileEncoding = 4; lastKnownFileType = sourcecode.c.h; path = SFGDEFUtilization.h; sourceTree = "<group>"; };
		6E02152F157B46B800057721 /* SFGPOSData.c */ = {isa = PBXFileReference; fileEncoding = 4; lastKnownFileType = sourcecode.c.c; path = SFGPOSData.c; sourceTree = "<group>"; };
		6E021530157B46B800057721 /* SFGPOSData.h */ = {isa = PBXFileReference; fileEncoding = 4; lastKnownFileType = sourcecode.c.h; path = SFGPOSData.h; sourceTree = "<group>"; };
		6E021531157B46B800057721 /* SFGPOSUtilization.c */ = {isa = PBXFileReference; fileEncoding = 4; lastKnownFileType = sourcecode.c.c; path = SFGPOSUtilization.c; sourceTree = "<group>"; };
		6E021532157B46B800057721 /* SFGPOSUtilization.h */ = {isa = PBXFileReference; fileEncoding = 4; lastKnownFileType = sourcecode.c.h; path = SFGPOSUtilization.h; sourceTree = "<group>"; };
		6E021533157B46B800057721 /* SFGSUBData.c */ = {isa = PBXFileReference; fileEncoding = 4; lastKnownFileType = sourcecode.c.c; path = SFGSUBData.c; sourceTree = "<group>"; };
		6E021534157B46B800057721 /* SFGSUBData.h */ = {isa = PBXFileReference; fileEncoding = 4; lastKnownFileType = sourcecode.c.h; path = SFGSUBData.h; sourceTree = "<group>"; };
		6E021535157B46B800057721 /* SFGSUBUtilization.c */ = {isa = PBXFileReference; fileEncoding = 4; lastKnownFileType = sourcecode.c.c; path = SFGSUBUtilization.c; sourceTree = "<group>"; };
		6E021536157B46B800057721 /* SFGSUBUtilization.h */ = {isa = PBXFileReference; fileEncoding = 4; lastKnownFileType = sourcecode.c.h; path = SFGSUBUtilization.h; sourceTree = "<group>"; };
		6E021537157B46B800057721 /* SFInternal.c */ = {isa = PBXFileReference; fileEncoding = 4; lastKnownFileType = sourcecode.c.c; path = SFInternal.c; sourceTree = "<group>"; };
		6E021538157B46B800057721 /* SFInternal.h */ = {isa = PBXFileReference; fileEncoding = 4; lastKnownFileType = sourcecode.c.h; path = SFInternal.h; sourceTree = "<group>"; };
		6E021563157B473B00057721 /* CoreGraphics.framework */ = {isa = PBXFileReference; lastKnownFileType = wrapper.framework; name = CoreGraphics.framework; path = System/Library/Frameworks/CoreGraphics.framework; sourceTree = SDKROOT; };
		6E2A9425163B0E69000B9FA1 /* SFFont.c */ = {isa = PBXFileReference; fileEncoding = 4; lastKnownFileType = sourcecode.c.c; path = SFFont.c; sourceTree = "<group>"; };
		6E2A9426163B0E69000B9FA1 /* SFFont.h */ = {isa = PBXFileReference; fileEncoding = 4; lastKnownFileType = sourcecode.c.h; path = SFFont.h; sourceTree = "<group>"; };
		6E2A9427163B0E69000B9FA1 /* SFText.c */ = {isa = PBXFileReference; fileEncoding = 4; lastKnownFileType = sourcecode.c.c; path = SFText.c; sourceTree = "<group>"; };
		6E2A9428163B0E69000B9FA1 /* SFText.h */ = {isa = PBXFileReference; fileEncoding = 4; lastKnownFileType = sourcecode.c.h; path = SFText.h; sourceTree = "<group>"; };
		6EAEDF0C163C031E0054FF6F /* fribidi_tab_char_type_9.i */ = {isa = PBXFileReference; fileEncoding = 4; lastKnownFileType = sourcecode.c.c.preprocessed; path = fribidi_tab_char_type_9.i; sourceTree = "<group>"; };
		6EAEDF0D163C031E0054FF6F /* interaction.c */ = {isa = PBXFileReference; fileEncoding = 4; lastKnownFileType = sourcecode.c.c; path = interaction.c; sourceTree = "<group>"; };
		6EAEDF0E163C031E0054FF6F /* interaction.h */ = {isa = PBXFileReference; fileEncoding = 4; lastKnownFileType = sourcecode.c.h; path = interaction.h; sourceTree = "<group>"; };
		6EC20319157AD40B002666E9 /* libsheenfigure.a */ = {isa = PBXFileReference; explicitFileType = archive.ar; includeInIndex = 0; path = libsheenfigure.a; sourceTree = BUILT_PRODUCTS_DIR; };
		6EC2034B157AD461002666E9 /* SFConfig.h */ = {isa = PBXFileReference; fileEncoding = 4; lastKnownFileType = sourcecode.c.h; path = SFConfig.h; sourceTree = "<group>"; };
		6EC20377157AD7E7002666E9 /* SFTypes.h */ = {isa = PBXFileReference; lastKnownFileType = sourcecode.c.h; path = SFTypes.h; sourceTree = "<group>"; };
		6ED95B3B17114F8D004249C1 /* CoreFoundation.framework */ = {isa = PBXFileReference; lastKnownFileType = wrapper.framework; name = CoreFoundation.framework; path = System/Library/Frameworks/CoreFoundation.framework; sourceTree = SDKROOT; };
		6EEAF2AF17046AE400B1ED51 /* SFGSUBGPOSData.c */ = {isa = PBXFileReference; fileEncoding = 4; lastKnownFileType = sourcecode.c.c; path = SFGSUBGPOSData.c; sourceTree = "<group>"; };
		6EEAF2B017046AE400B1ED51 /* SFGSUBGPOSData.h */ = {isa = PBXFileReference; fileEncoding = 4; lastKnownFileType = sourcecode.c.h; path = SFGSUBGPOSData.h; sourceTree = "<group>"; };
		6EEAF2B317046BEC00B1ED51 /* SFGSUBGPOSUtilization.c */ = {isa = PBXFileReference; fileEncoding = 4; lastKnownFileType = sourcecode.c.c; path = SFGSUBGPOSUtilization.c; sourceTree = "<group>"; };
		6EEAF2B517046BFB00B1ED51 /* SFGSUBGPOSUtilization.h */ = {isa = PBXFileReference; lastKnownFileType = sourcecode.c.h; path = SFGSUBGPOSUtilization.h; sourceTree = "<group>"; };
/* End PBXFileReference section */

/* Begin PBXFrameworksBuildPhase section */
		6EC20316157AD40B002666E9 /* Frameworks */ = {
			isa = PBXFrameworksBuildPhase;
			buildActionMask = 2147483647;
			files = (
				6ED95B3C17114F8E004249C1 /* CoreFoundation.framework in Frameworks */,
				6E021564157B473B00057721 /* CoreGraphics.framework in Frameworks */,
			);
			runOnlyForDeploymentPostprocessing = 0;
		};
/* End PBXFrameworksBuildPhase section */

/* Begin PBXGroup section */
		6E021512157B46B800057721 /* SFGraphics */ = {
			isa = PBXGroup;
			children = (
				6E2A9425163B0E69000B9FA1 /* SFFont.c */,
				6E2A9426163B0E69000B9FA1 /* SFFont.h */,
				6E2A9427163B0E69000B9FA1 /* SFText.c */,
				6E2A9428163B0E69000B9FA1 /* SFText.h */,
			);
			path = SFGraphics;
			sourceTree = "<group>";
		};
		6E021517157B46B800057721 /* SFInternal */ = {
			isa = PBXGroup;
			children = (
				6E021518157B46B800057721 /* bidi */,
				6E021526157B46B800057721 /* SFCommonData.c */,
				6E021527157B46B800057721 /* SFCommonData.h */,
				6E021522157B46B800057721 /* SFCMAPData.c */,
				6E021523157B46B800057721 /* SFCMAPData.h */,
				6E021524157B46B800057721 /* SFCMAPUtilization.c */,
				6E021525157B46B800057721 /* SFCMAPUtilization.h */,
				6E02152A157B46B800057721 /* SFGDEFData.c */,
				6E02152B157B46B800057721 /* SFGDEFData.h */,
				6E02152C157B46B800057721 /* SFGDEFUtilization.c */,
				6E02152D157B46B800057721 /* SFGDEFUtilization.h */,
				6E02152F157B46B800057721 /* SFGPOSData.c */,
				6E021530157B46B800057721 /* SFGPOSData.h */,
				6E021531157B46B800057721 /* SFGPOSUtilization.c */,
				6E021532157B46B800057721 /* SFGPOSUtilization.h */,
				6E021533157B46B800057721 /* SFGSUBData.c */,
				6E021534157B46B800057721 /* SFGSUBData.h */,
				6E021535157B46B800057721 /* SFGSUBUtilization.c */,
				6E021536157B46B800057721 /* SFGSUBUtilization.h */,
				6EEAF2AF17046AE400B1ED51 /* SFGSUBGPOSData.c */,
				6EEAF2B017046AE400B1ED51 /* SFGSUBGPOSData.h */,
				6EEAF2B317046BEC00B1ED51 /* SFGSUBGPOSUtilization.c */,
				6EEAF2B517046BFB00B1ED51 /* SFGSUBGPOSUtilization.h */,
				6E021537157B46B800057721 /* SFInternal.c */,
				6E021538157B46B800057721 /* SFInternal.h */,
			);
			path = SFInternal;
			sourceTree = "<group>";
		};
		6E021518157B46B800057721 /* bidi */ = {
			isa = PBXGroup;
			children = (
				6E021519157B46B800057721 /* bidi.c */,
				6E02151A157B46B800057721 /* bidi.h */,
				6E02151B157B46B800057721 /* bidi_class.h */,
				6EAEDF0C163C031E0054FF6F /* fribidi_tab_char_type_9.i */,
				6E021520157B46B800057721 /* fribidi_tab_mirroring.i */,
				6EAEDF0D163C031E0054FF6F /* interaction.c */,
				6EAEDF0E163C031E0054FF6F /* interaction.h */,
			);
			path = bidi;
			sourceTree = "<group>";
		};
		6EC2030E157AD40B002666E9 = {
			isa = PBXGroup;
			children = (
				6E021517157B46B800057721 /* SFInternal */,
				6E021512157B46B800057721 /* SFGraphics */,
				6EC2034B157AD461002666E9 /* SFConfig.h */,
				6EC20377157AD7E7002666E9 /* SFTypes.h */,
				6ED95B3B17114F8D004249C1 /* CoreFoundation.framework */,
				6E021563157B473B00057721 /* CoreGraphics.framework */,
				6EC2031A157AD40B002666E9 /* Products */,
			);
			sourceTree = "<group>";
		};
		6EC2031A157AD40B002666E9 /* Products */ = {
			isa = PBXGroup;
			children = (
				6EC20319157AD40B002666E9 /* libsheenfigure.a */,
			);
			name = Products;
			sourceTree = "<group>";
		};
/* End PBXGroup section */

/* Begin PBXHeadersBuildPhase section */
		6EC20317157AD40B002666E9 /* Headers */ = {
			isa = PBXHeadersBuildPhase;
			buildActionMask = 2147483647;
			files = (
				6EC20373157AD461002666E9 /* SFConfig.h in Headers */,
				6EC2038B157ADA82002666E9 /* SFTypes.h in Headers */,
				6E021541157B46B800057721 /* bidi.h in Headers */,
				6E021542157B46B800057721 /* bidi_class.h in Headers */,
				6E02154A157B46B800057721 /* SFCMAPData.h in Headers */,
				6E02154C157B46B800057721 /* SFCMAPUtilization.h in Headers */,
				6E02154E157B46B800057721 /* SFCommonData.h in Headers */,
				6E021552157B46B800057721 /* SFGDEFData.h in Headers */,
				6E021554157B46B800057721 /* SFGDEFUtilization.h in Headers */,
				6E021557157B46B800057721 /* SFGPOSData.h in Headers */,
				6E021559157B46B800057721 /* SFGPOSUtilization.h in Headers */,
				6E02155B157B46B800057721 /* SFGSUBData.h in Headers */,
				6E02155D157B46B800057721 /* SFGSUBUtilization.h in Headers */,
				6E02155F157B46B800057721 /* SFInternal.h in Headers */,
				6E2A942A163B0E69000B9FA1 /* SFFont.h in Headers */,
				6E2A942C163B0E69000B9FA1 /* SFText.h in Headers */,
				6EAEDF11163C031F0054FF6F /* interaction.h in Headers */,
				6EEAF2B217046AE400B1ED51 /* SFGSUBGPOSData.h in Headers */,
			);
			runOnlyForDeploymentPostprocessing = 0;
		};
/* End PBXHeadersBuildPhase section */

/* Begin PBXNativeTarget section */
		6EC20318157AD40B002666E9 /* sheenfigure */ = {
			isa = PBXNativeTarget;
			buildConfigurationList = 6EC2031D157AD40B002666E9 /* Build configuration list for PBXNativeTarget "sheenfigure" */;
			buildPhases = (
				6EC20315157AD40B002666E9 /* Sources */,
				6EC20316157AD40B002666E9 /* Frameworks */,
				6EC20317157AD40B002666E9 /* Headers */,
			);
			buildRules = (
			);
			dependencies = (
			);
			name = sheenfigure;
			productName = sheenfigure;
			productReference = 6EC20319157AD40B002666E9 /* libsheenfigure.a */;
			productType = "com.apple.product-type.library.static";
		};
/* End PBXNativeTarget section */

/* Begin PBXProject section */
		6EC20310157AD40B002666E9 /* Project object */ = {
			isa = PBXProject;
			attributes = {
				LastUpgradeCheck = 0460;
				ORGANIZATIONNAME = "Sheen Solutions";
			};
			buildConfigurationList = 6EC20313157AD40B002666E9 /* Build configuration list for PBXProject "SheenFigureCG" */;
			compatibilityVersion = "Xcode 3.2";
			developmentRegion = English;
			hasScannedForEncodings = 0;
			knownRegions = (
				en,
			);
			mainGroup = 6EC2030E157AD40B002666E9;
			productRefGroup = 6EC2031A157AD40B002666E9 /* Products */;
			projectDirPath = "";
			projectRoot = "";
			targets = (
				6EC20318157AD40B002666E9 /* sheenfigure */,
			);
		};
/* End PBXProject section */

/* Begin PBXSourcesBuildPhase section */
		6EC20315157AD40B002666E9 /* Sources */ = {
			isa = PBXSourcesBuildPhase;
			buildActionMask = 2147483647;
			files = (
				6E021540157B46B800057721 /* bidi.c in Sources */,
				6E021547157B46B800057721 /* fribidi_tab_mirroring.i in Sources */,
				6E021549157B46B800057721 /* SFCMAPData.c in Sources */,
				6E02154B157B46B800057721 /* SFCMAPUtilization.c in Sources */,
				6E02154D157B46B800057721 /* SFCommonData.c in Sources */,
				6E021551157B46B800057721 /* SFGDEFData.c in Sources */,
				6E021553157B46B800057721 /* SFGDEFUtilization.c in Sources */,
				6E021556157B46B800057721 /* SFGPOSData.c in Sources */,
				6E021558157B46B800057721 /* SFGPOSUtilization.c in Sources */,
				6E02155A157B46B800057721 /* SFGSUBData.c in Sources */,
				6E02155C157B46B800057721 /* SFGSUBUtilization.c in Sources */,
				6E02155E157B46B800057721 /* SFInternal.c in Sources */,
				6E2A9429163B0E69000B9FA1 /* SFFont.c in Sources */,
				6E2A942B163B0E69000B9FA1 /* SFText.c in Sources */,
				6EAEDF0F163C031F0054FF6F /* fribidi_tab_char_type_9.i in Sources */,
				6EAEDF10163C031F0054FF6F /* interaction.c in Sources */,
				6EEAF2B117046AE400B1ED51 /* SFGSUBGPOSData.c in Sources */,
				6EEAF2B417046BEC00B1ED51 /* SFGSUBGPOSUtilization.c in Sources */,
			);
			runOnlyForDeploymentPostprocessing = 0;
		};
/* End PBXSourcesBuildPhase section */

/* Begin XCBuildConfiguration section */
		6EC2031B157AD40B002666E9 /* Debug */ = {
			isa = XCBuildConfiguration;
			buildSettings = {
				ALWAYS_SEARCH_USER_PATHS = NO;
				ARCHS = "$(ARCHS_STANDARD_32_BIT)";
				CLANG_ENABLE_OBJC_ARC = NO;
				CLANG_WARN_CONSTANT_CONVERSION = YES;
				CLANG_WARN_ENUM_CONVERSION = YES;
				CLANG_WARN_INT_CONVERSION = YES;
				CLANG_WARN__DUPLICATE_METHOD_MATCH = YES;
				COPY_PHASE_STRIP = NO;
				GCC_C_LANGUAGE_STANDARD = c89;
				GCC_DYNAMIC_NO_PIC = NO;
				GCC_ENABLE_OBJC_EXCEPTIONS = YES;
				GCC_OPTIMIZATION_LEVEL = 0;
				GCC_PREPROCESSOR_DEFINITIONS = (
					"DEBUG=1",
					"$(inherited)",
				);
				GCC_SYMBOLS_PRIVATE_EXTERN = NO;
				GCC_VERSION = com.apple.compilers.llvm.clang.1_0;
				GCC_WARN_64_TO_32_BIT_CONVERSION = YES;
				GCC_WARN_ABOUT_RETURN_TYPE = YES;
				GCC_WARN_UNINITIALIZED_AUTOS = YES;
				GCC_WARN_UNUSED_VARIABLE = YES;
				MACOSX_DEPLOYMENT_TARGET = 10.7;
				ONLY_ACTIVE_ARCH = YES;
				OTHER_CFLAGS = (
					"-DSF_IOS_CG",
					"-Werror=declaration-after-statement",
				);
				SDKROOT = iphoneos;
			};
			name = Debug;
		};
		6EC2031C157AD40B002666E9 /* Release */ = {
			isa = XCBuildConfiguration;
			buildSettings = {
				ALWAYS_SEARCH_USER_PATHS = NO;
				ARCHS = "$(ARCHS_STANDARD_32_BIT)";
				CLANG_ENABLE_OBJC_ARC = NO;
				CLANG_WARN_CONSTANT_CONVERSION = YES;
				CLANG_WARN_ENUM_CONVERSION = YES;
				CLANG_WARN_INT_CONVERSION = YES;
				CLANG_WARN__DUPLICATE_METHOD_MATCH = YES;
				COPY_PHASE_STRIP = YES;
				DEBUG_INFORMATION_FORMAT = "dwarf-with-dsym";
				GCC_C_LANGUAGE_STANDARD = c89;
				GCC_ENABLE_OBJC_EXCEPTIONS = YES;
				GCC_VERSION = com.apple.compilers.llvm.clang.1_0;
				GCC_WARN_64_TO_32_BIT_CONVERSION = YES;
				GCC_WARN_ABOUT_RETURN_TYPE = YES;
				GCC_WARN_UNINITIALIZED_AUTOS = YES;
				GCC_WARN_UNUSED_VARIABLE = YES;
				MACOSX_DEPLOYMENT_TARGET = 10.7;
				OTHER_CFLAGS = (
					"-DSF_IOS_CG",
					"-Werror=declaration-after-statement",
				);
				SDKROOT = iphoneos;
			};
			name = Release;
		};
		6EC2031E157AD40B002666E9 /* Debug */ = {
			isa = XCBuildConfiguration;
			buildSettings = {
				ARCHS = "$(ARCHS_STANDARD_32_BIT)";
				EXECUTABLE_PREFIX = lib;
				PRODUCT_NAME = "$(TARGET_NAME)";
				SDKROOT = iphoneos;
			};
			name = Debug;
		};
		6EC2031F157AD40B002666E9 /* Release */ = {
			isa = XCBuildConfiguration;
			buildSettings = {
				ARCHS = "$(ARCHS_STANDARD_32_BIT)";
				EXECUTABLE_PREFIX = lib;
				PRODUCT_NAME = "$(TARGET_NAME)";
				SDKROOT = iphoneos;
			};
			name = Release;
		};
/* End XCBuildConfiguration section */

/* Begin XCConfigurationList section */
		6EC20313157AD40B002666E9 /* Build configuration list for PBXProject "SheenFigureCG" */ = {
			isa = XCConfigurationList;
			buildConfigurations = (
				6EC2031B157AD40B002666E9 /* Debug */,
				6EC2031C157AD40B002666E9 /* Release */,
			);
			defaultConfigurationIsVisible = 0;
			defaultConfigurationName = Release;
		};
		6EC2031D157AD40B002666E9 /* Build configuration list for PBXNativeTarget "sheenfigure" */ = {
			isa = XCConfigurationList;
			buildConfigurations = (
				6EC2031E157AD40B002666E9 /* Debug */,
				6EC2031F157AD40B002666E9 /* Release */,
			);
			defaultConfigurationIsVisible = 0;
			defaultConfigurationName = Release;
		};
/* End XCConfigurationList section */
	};
	rootObject = 6EC20310157AD40B002666E9 /* Project object */;
}
