
Microsoft Visual Studio Solution File, Format Version 12.00
# Visual Studio Express 2012 for Windows Phone
Project("{FAE04EC0-301F-11D3-BF4B-00C04F79EFBC}") = "SheenFigure-WindowsPhone", "SheenFigure-WindowsPhone\SheenFigure-WindowsPhone.csproj", "{D4F309EE-84C1-4C36-BC1D-A8E92D9D42AD}"
	ProjectSection(ProjectDependencies) = postProject
		{F5EC8570-6355-4765-AB8E-C1A09AC98404} = {F5EC8570-6355-4765-AB8E-C1A09AC98404}
		{BBE09483-3F8B-49E9-9C10-442D31C76677} = {BBE09483-3F8B-49E9-9C10-442D31C76677}
	EndProjectSection
EndProject
Project("{8BC9CEB8-8B4A-11D0-8D11-00A0C91BC942}") = "FreeType", "..\FreeType\FreeType.vcxproj", "{BBE09483-3F8B-49E9-9C10-442D31C76677}"
EndProject
Project("{8BC9CEB8-8B4A-11D0-8D11-00A0C91BC942}") = "SheenFigureCore", "..\SheenFigure\SheenFigureCore.vcxproj", "{F5EC8570-6355-4765-AB8E-C1A09AC98404}"
EndProject
Project("{8BC9CEB8-8B4A-11D0-8D11-00A0C91BC942}") = "SheenFigure", "SheenFigure\SheenFigure.vcxproj", "{29026AB8-D123-42C6-8A38-C351B9F468FA}"
EndProject
Project("{FAE04EC0-301F-11D3-BF4B-00C04F79EFBC}") = "SheenFigureLabel", "SheenFigureLabel\SheenFigureLabel.csproj", "{77FD2739-19A3-437C-A567-B3643075F38B}"
EndProject
Global
	GlobalSection(SolutionConfigurationPlatforms) = preSolution
		Debug|Any CPU = Debug|Any CPU
		Debug|ARM = Debug|ARM
		Debug|Mixed Platforms = Debug|Mixed Platforms
		Debug|Win32 = Debug|Win32
		Debug|x86 = Debug|x86
		Release|Any CPU = Release|Any CPU
		Release|ARM = Release|ARM
		Release|Mixed Platforms = Release|Mixed Platforms
		Release|Win32 = Release|Win32
		Release|x86 = Release|x86
	EndGlobalSection
	GlobalSection(ProjectConfigurationPlatforms) = postSolution
		{D4F309EE-84C1-4C36-BC1D-A8E92D9D42AD}.Debug|Any CPU.ActiveCfg = Debug|Any CPU
		{D4F309EE-84C1-4C36-BC1D-A8E92D9D42AD}.Debug|Any CPU.Build.0 = Debug|Any CPU
		{D4F309EE-84C1-4C36-BC1D-A8E92D9D42AD}.Debug|Any CPU.Deploy.0 = Debug|Any CPU
		{D4F309EE-84C1-4C36-BC1D-A8E92D9D42AD}.Debug|ARM.ActiveCfg = Debug|Any CPU
		{D4F309EE-84C1-4C36-BC1D-A8E92D9D42AD}.Debug|Mixed Platforms.ActiveCfg = Debug|x86
		{D4F309EE-84C1-4C36-BC1D-A8E92D9D42AD}.Debug|Mixed Platforms.Build.0 = Debug|x86
		{D4F309EE-84C1-4C36-BC1D-A8E92D9D42AD}.Debug|Mixed Platforms.Deploy.0 = Debug|x86
		{D4F309EE-84C1-4C36-BC1D-A8E92D9D42AD}.Debug|Win32.ActiveCfg = Debug|Any CPU
		{D4F309EE-84C1-4C36-BC1D-A8E92D9D42AD}.Debug|x86.ActiveCfg = Debug|x86
		{D4F309EE-84C1-4C36-BC1D-A8E92D9D42AD}.Debug|x86.Build.0 = Debug|x86
		{D4F309EE-84C1-4C36-BC1D-A8E92D9D42AD}.Debug|x86.Deploy.0 = Debug|x86
		{D4F309EE-84C1-4C36-BC1D-A8E92D9D42AD}.Release|Any CPU.ActiveCfg = Release|Any CPU
		{D4F309EE-84C1-4C36-BC1D-A8E92D9D42AD}.Release|Any CPU.Build.0 = Release|Any CPU
		{D4F309EE-84C1-4C36-BC1D-A8E92D9D42AD}.Release|Any CPU.Deploy.0 = Release|Any CPU
		{D4F309EE-84C1-4C36-BC1D-A8E92D9D42AD}.Release|ARM.ActiveCfg = Release|Any CPU
		{D4F309EE-84C1-4C36-BC1D-A8E92D9D42AD}.Release|Mixed Platforms.ActiveCfg = Release|Any CPU
		{D4F309EE-84C1-4C36-BC1D-A8E92D9D42AD}.Release|Mixed Platforms.Build.0 = Release|Any CPU
		{D4F309EE-84C1-4C36-BC1D-A8E92D9D42AD}.Release|Mixed Platforms.Deploy.0 = Release|Any CPU
		{D4F309EE-84C1-4C36-BC1D-A8E92D9D42AD}.Release|Win32.ActiveCfg = Release|Any CPU
		{D4F309EE-84C1-4C36-BC1D-A8E92D9D42AD}.Release|x86.ActiveCfg = Release|x86
		{D4F309EE-84C1-4C36-BC1D-A8E92D9D42AD}.Release|x86.Build.0 = Release|x86
		{D4F309EE-84C1-4C36-BC1D-A8E92D9D42AD}.Release|x86.Deploy.0 = Release|x86
		{BBE09483-3F8B-49E9-9C10-442D31C76677}.Debug|Any CPU.ActiveCfg = Debug|Win32
		{BBE09483-3F8B-49E9-9C10-442D31C76677}.Debug|ARM.ActiveCfg = Debug|ARM
		{BBE09483-3F8B-49E9-9C10-442D31C76677}.Debug|ARM.Build.0 = Debug|ARM
		{BBE09483-3F8B-49E9-9C10-442D31C76677}.Debug|Mixed Platforms.ActiveCfg = Debug|Win32
		{BBE09483-3F8B-49E9-9C10-442D31C76677}.Debug|Mixed Platforms.Build.0 = Debug|Win32
		{BBE09483-3F8B-49E9-9C10-442D31C76677}.Debug|Win32.ActiveCfg = Debug|Win32
		{BBE09483-3F8B-49E9-9C10-442D31C76677}.Debug|Win32.Build.0 = Debug|Win32
		{BBE09483-3F8B-49E9-9C10-442D31C76677}.Debug|x86.ActiveCfg = Debug|Win32
		{BBE09483-3F8B-49E9-9C10-442D31C76677}.Debug|x86.Build.0 = Debug|Win32
		{BBE09483-3F8B-49E9-9C10-442D31C76677}.Release|Any CPU.ActiveCfg = Release|Win32
		{BBE09483-3F8B-49E9-9C10-442D31C76677}.Release|ARM.ActiveCfg = Release|ARM
		{BBE09483-3F8B-49E9-9C10-442D31C76677}.Release|ARM.Build.0 = Release|ARM
		{BBE09483-3F8B-49E9-9C10-442D31C76677}.Release|Mixed Platforms.ActiveCfg = Release|Win32
		{BBE09483-3F8B-49E9-9C10-442D31C76677}.Release|Mixed Platforms.Build.0 = Release|Win32
		{BBE09483-3F8B-49E9-9C10-442D31C76677}.Release|Win32.ActiveCfg = Release|Win32
		{BBE09483-3F8B-49E9-9C10-442D31C76677}.Release|Win32.Build.0 = Release|Win32
		{BBE09483-3F8B-49E9-9C10-442D31C76677}.Release|x86.ActiveCfg = Release|Win32
		{BBE09483-3F8B-49E9-9C10-442D31C76677}.Release|x86.Build.0 = Release|Win32
		{F5EC8570-6355-4765-AB8E-C1A09AC98404}.Debug|Any CPU.ActiveCfg = Debug|Win32
		{F5EC8570-6355-4765-AB8E-C1A09AC98404}.Debug|ARM.ActiveCfg = Debug|ARM
		{F5EC8570-6355-4765-AB8E-C1A09AC98404}.Debug|ARM.Build.0 = Debug|ARM
		{F5EC8570-6355-4765-AB8E-C1A09AC98404}.Debug|Mixed Platforms.ActiveCfg = Debug|Win32
		{F5EC8570-6355-4765-AB8E-C1A09AC98404}.Debug|Mixed Platforms.Build.0 = Debug|Win32
		{F5EC8570-6355-4765-AB8E-C1A09AC98404}.Debug|Win32.ActiveCfg = Debug|Win32
		{F5EC8570-6355-4765-AB8E-C1A09AC98404}.Debug|Win32.Build.0 = Debug|Win32
		{F5EC8570-6355-4765-AB8E-C1A09AC98404}.Debug|x86.ActiveCfg = Debug|Win32
		{F5EC8570-6355-4765-AB8E-C1A09AC98404}.Debug|x86.Build.0 = Debug|Win32
		{F5EC8570-6355-4765-AB8E-C1A09AC98404}.Release|Any CPU.ActiveCfg = Release|Win32
		{F5EC8570-6355-4765-AB8E-C1A09AC98404}.Release|ARM.ActiveCfg = Release|ARM
		{F5EC8570-6355-4765-AB8E-C1A09AC98404}.Release|ARM.Build.0 = Release|ARM
		{F5EC8570-6355-4765-AB8E-C1A09AC98404}.Release|Mixed Platforms.ActiveCfg = Release|Win32
		{F5EC8570-6355-4765-AB8E-C1A09AC98404}.Release|Mixed Platforms.Build.0 = Release|Win32
		{F5EC8570-6355-4765-AB8E-C1A09AC98404}.Release|Win32.ActiveCfg = Release|Win32
		{F5EC8570-6355-4765-AB8E-C1A09AC98404}.Release|Win32.Build.0 = Release|Win32
		{F5EC8570-6355-4765-AB8E-C1A09AC98404}.Release|x86.ActiveCfg = Release|Win32
		{F5EC8570-6355-4765-AB8E-C1A09AC98404}.Release|x86.Build.0 = Release|Win32
		{29026AB8-D123-42C6-8A38-C351B9F468FA}.Debug|Any CPU.ActiveCfg = Debug|Win32
		{29026AB8-D123-42C6-8A38-C351B9F468FA}.Debug|ARM.ActiveCfg = Debug|ARM
		{29026AB8-D123-42C6-8A38-C351B9F468FA}.Debug|ARM.Build.0 = Debug|ARM
		{29026AB8-D123-42C6-8A38-C351B9F468FA}.Debug|Mixed Platforms.ActiveCfg = Debug|Win32
		{29026AB8-D123-42C6-8A38-C351B9F468FA}.Debug|Mixed Platforms.Build.0 = Debug|Win32
		{29026AB8-D123-42C6-8A38-C351B9F468FA}.Debug|Win32.ActiveCfg = Debug|Win32
		{29026AB8-D123-42C6-8A38-C351B9F468FA}.Debug|Win32.Build.0 = Debug|Win32
		{29026AB8-D123-42C6-8A38-C351B9F468FA}.Debug|x86.ActiveCfg = Debug|Win32
		{29026AB8-D123-42C6-8A38-C351B9F468FA}.Debug|x86.Build.0 = Debug|Win32
		{29026AB8-D123-42C6-8A38-C351B9F468FA}.Release|Any CPU.ActiveCfg = Release|Win32
		{29026AB8-D123-42C6-8A38-C351B9F468FA}.Release|ARM.ActiveCfg = Release|ARM
		{29026AB8-D123-42C6-8A38-C351B9F468FA}.Release|ARM.Build.0 = Release|ARM
		{29026AB8-D123-42C6-8A38-C351B9F468FA}.Release|Mixed Platforms.ActiveCfg = Release|Win32
		{29026AB8-D123-42C6-8A38-C351B9F468FA}.Release|Mixed Platforms.Build.0 = Release|Win32
		{29026AB8-D123-42C6-8A38-C351B9F468FA}.Release|Win32.ActiveCfg = Release|Win32
		{29026AB8-D123-42C6-8A38-C351B9F468FA}.Release|Win32.Build.0 = Release|Win32
		{29026AB8-D123-42C6-8A38-C351B9F468FA}.Release|x86.ActiveCfg = Release|Win32
		{29026AB8-D123-42C6-8A38-C351B9F468FA}.Release|x86.Build.0 = Release|Win32
		{77FD2739-19A3-437C-A567-B3643075F38B}.Debug|Any CPU.ActiveCfg = Debug|Any CPU
		{77FD2739-19A3-437C-A567-B3643075F38B}.Debug|Any CPU.Build.0 = Debug|Any CPU
		{77FD2739-19A3-437C-A567-B3643075F38B}.Debug|ARM.ActiveCfg = Debug|ARM
		{77FD2739-19A3-437C-A567-B3643075F38B}.Debug|ARM.Build.0 = Debug|ARM
		{77FD2739-19A3-437C-A567-B3643075F38B}.Debug|Mixed Platforms.ActiveCfg = Debug|x86
		{77FD2739-19A3-437C-A567-B3643075F38B}.Debug|Mixed Platforms.Build.0 = Debug|x86
		{77FD2739-19A3-437C-A567-B3643075F38B}.Debug|Win32.ActiveCfg = Debug|x86
		{77FD2739-19A3-437C-A567-B3643075F38B}.Debug|Win32.Build.0 = Debug|x86
		{77FD2739-19A3-437C-A567-B3643075F38B}.Debug|x86.ActiveCfg = Debug|x86
		{77FD2739-19A3-437C-A567-B3643075F38B}.Debug|x86.Build.0 = Debug|x86
		{77FD2739-19A3-437C-A567-B3643075F38B}.Release|Any CPU.ActiveCfg = Release|Any CPU
		{77FD2739-19A3-437C-A567-B3643075F38B}.Release|Any CPU.Build.0 = Release|Any CPU
		{77FD2739-19A3-437C-A567-B3643075F38B}.Release|ARM.ActiveCfg = Release|ARM
		{77FD2739-19A3-437C-A567-B3643075F38B}.Release|ARM.Build.0 = Release|ARM
		{77FD2739-19A3-437C-A567-B3643075F38B}.Release|Mixed Platforms.ActiveCfg = Release|x86
		{77FD2739-19A3-437C-A567-B3643075F38B}.Release|Mixed Platforms.Build.0 = Release|x86
		{77FD2739-19A3-437C-A567-B3643075F38B}.Release|Win32.ActiveCfg = Release|x86
		{77FD2739-19A3-437C-A567-B3643075F38B}.Release|Win32.Build.0 = Release|x86
		{77FD2739-19A3-437C-A567-B3643075F38B}.Release|x86.ActiveCfg = Release|x86
		{77FD2739-19A3-437C-A567-B3643075F38B}.Release|x86.Build.0 = Release|x86
	EndGlobalSection
	GlobalSection(SolutionProperties) = preSolution
		HideSolutionNode = FALSE
	EndGlobalSection
EndGlobal
