<?xml version="1.0" encoding="utf-8"?>
<Project ToolsVersion="4.0" xmlns="http://schemas.microsoft.com/developer/msbuild/2003">
  <ItemGroup>
    <Filter Include="include">
      <UniqueIdentifier>{f1dc3679-20b8-433c-bf39-c9bc009beb12}</UniqueIdentifier>
    </Filter>
    <Filter Include="src">
      <UniqueIdentifier>{35c3557d-8f48-4cec-a8a0-ee71e96b6167}</UniqueIdentifier>
    </Filter>
    <Filter Include="src\base">
      <UniqueIdentifier>{e69bceba-c610-48c1-9eca-e267123fe44c}</UniqueIdentifier>
    </Filter>
    <Filter Include="src\bzip2">
      <UniqueIdentifier>{07aa879b-0fd4-4b22-858e-3580686fb7ea}</UniqueIdentifier>
    </Filter>
    <Filter Include="src\cff">
      <UniqueIdentifier>{ca7e2e55-e00e-45a5-bff7-7fedbef70a84}</UniqueIdentifier>
    </Filter>
    <Filter Include="src\pshinter">
      <UniqueIdentifier>{4e48a378-6a23-474c-8cd3-3a832c9305b0}</UniqueIdentifier>
    </Filter>
    <Filter Include="src\psnames">
      <UniqueIdentifier>{1189465b-c195-43e6-af38-d746459235c9}</UniqueIdentifier>
    </Filter>
    <Filter Include="src\raster">
      <UniqueIdentifier>{86f13bcc-4392-4678-aac1-df00644aac88}</UniqueIdentifier>
    </Filter>
    <Filter Include="src\sfnt">
      <UniqueIdentifier>{b6d69e96-f747-4077-88d1-c8be672d5403}</UniqueIdentifier>
    </Filter>
    <Filter Include="src\smooth">
      <UniqueIdentifier>{cb9c067d-70a1-4db9-8c4e-28d175bf9975}</UniqueIdentifier>
    </Filter>
    <Filter Include="src\truetype">
      <UniqueIdentifier>{d4321c77-ab4c-4ee9-bb21-2466d508f774}</UniqueIdentifier>
    </Filter>
  </ItemGroup>
  <ItemGroup>
    <ClInclude Include="include\ft2build.h">
      <Filter>include</Filter>
    </ClInclude>
  </ItemGroup>
  <ItemGroup>
    <ClCompile Include="src\bzip2\ftbzip2.c">
      <Filter>src\bzip2</Filter>
    </ClCompile>
    <ClCompile Include="src\cff\cff.c">
      <Filter>src\cff</Filter>
    </ClCompile>
    <ClCompile Include="src\pshinter\pshinter.c">
      <Filter>src\pshinter</Filter>
    </ClCompile>
    <ClCompile Include="src\psnames\psnames.c">
      <Filter>src\psnames</Filter>
    </ClCompile>
    <ClCompile Include="src\raster\raster.c">
      <Filter>src\raster</Filter>
    </ClCompile>
    <ClCompile Include="src\sfnt\sfnt.c">
      <Filter>src\sfnt</Filter>
    </ClCompile>
    <ClCompile Include="src\smooth\smooth.c">
      <Filter>src\smooth</Filter>
    </ClCompile>
    <ClCompile Include="src\truetype\truetype.c">
      <Filter>src\truetype</Filter>
    </ClCompile>
    <ClCompile Include="src\base\ftapi.c">
      <Filter>src\base</Filter>
    </ClCompile>
    <ClCompile Include="src\base\ftbase.c">
      <Filter>src\base</Filter>
    </ClCompile>
    <ClCompile Include="src\base\ftbbox.c">
      <Filter>src\base</Filter>
    </ClCompile>
    <ClCompile Include="src\base\ftbitmap.c">
      <Filter>src\base</Filter>
    </ClCompile>
    <ClCompile Include="src\base\ftdebug.c">
      <Filter>src\base</Filter>
    </ClCompile>
    <ClCompile Include="src\base\ftgasp.c">
      <Filter>src\base</Filter>
    </ClCompile>
    <ClCompile Include="src\base\ftglyph.c">
      <Filter>src\base</Filter>
    </ClCompile>
    <ClCompile Include="src\base\ftinit.c">
      <Filter>src\base</Filter>
    </ClCompile>
    <ClCompile Include="src\base\ftlcdfil.c">
      <Filter>src\base</Filter>
    </ClCompile>
    <ClCompile Include="src\base\ftmm.c">
      <Filter>src\base</Filter>
    </ClCompile>
    <ClCompile Include="src\base\ftpatent.c">
      <Filter>src\base</Filter>
    </ClCompile>
    <ClCompile Include="src\base\ftstroke.c">
      <Filter>src\base</Filter>
    </ClCompile>
    <ClCompile Include="src\base\ftsynth.c">
      <Filter>src\base</Filter>
    </ClCompile>
    <ClCompile Include="src\base\ftsystem.c">
      <Filter>src\base</Filter>
    </ClCompile>
  </ItemGroup>
</Project>