// !$*UTF8*$!
{
	archiveVersion = 1;
	classes = {
	};
	objectVersion = 46;
	objects = {

/* Begin PBXBuildFile section */
		6E00D21F16513AAC008E2980 /* libsheenfigure.a in Frameworks */ = {isa = PBXBuildFile; fileRef = 6E00D21B16513AA0008E2980 /* libsheenfigure.a */; };
		6E2A9450163B14CF000B9FA1 /* UIKit.framework in Frameworks */ = {isa = PBXBuildFile; fileRef = 6E2A944F163B14CF000B9FA1 /* UIKit.framework */; };
		6E2A9452163B14CF000B9FA1 /* Foundation.framework in Frameworks */ = {isa = PBXBuildFile; fileRef = 6E2A9451163B14CF000B9FA1 /* Foundation.framework */; };
		6E2A9454163B14CF000B9FA1 /* CoreGraphics.framework in Frameworks */ = {isa = PBXBuildFile; fileRef = 6E2A9453163B14CF000B9FA1 /* CoreGraphics.framework */; };
		6E2A945A163B14CF000B9FA1 /* InfoPlist.strings in Resources */ = {isa = PBXBuildFile; fileRef = 6E2A9458163B14CF000B9FA1 /* InfoPlist.strings */; };
		6E2A945C163B14CF000B9FA1 /* main.m in Sources */ = {isa = PBXBuildFile; fileRef = 6E2A945B163B14CF000B9FA1 /* main.m */; };
		6E2A9460163B14CF000B9FA1 /* SSAppDelegate.m in Sources */ = {isa = PBXBuildFile; fileRef = 6E2A945F163B14CF000B9FA1 /* SSAppDelegate.m */; };
		6E2A9462163B14CF000B9FA1 /* Default.png in Resources */ = {isa = PBXBuildFile; fileRef = 6E2A9461163B14CF000B9FA1 /* Default.png */; };
		6E2A9464163B14CF000B9FA1 /* Default@2x.png in Resources */ = {isa = PBXBuildFile; fileRef = 6E2A9463163B14CF000B9FA1 /* Default@2x.png */; };
		6E2A9466163B14CF000B9FA1 /* Default-568h@2x.png in Resources */ = {isa = PBXBuildFile; fileRef = 6E2A9465163B14CF000B9FA1 /* Default-568h@2x.png */; };
		6E2A9469163B14CF000B9FA1 /* SSViewController.m in Sources */ = {isa = PBXBuildFile; fileRef = 6E2A9468163B14CF000B9FA1 /* SSViewController.m */; };
		6E2A946C163B14CF000B9FA1 /* SSViewController_iPhone.xib in Resources */ = {isa = PBXBuildFile; fileRef = 6E2A946A163B14CF000B9FA1 /* SSViewController_iPhone.xib */; };
		6E2A946F163B14CF000B9FA1 /* SSViewController_iPad.xib in Resources */ = {isa = PBXBuildFile; fileRef = 6E2A946D163B14CF000B9FA1 /* SSViewController_iPad.xib */; };
		6E2A9483163B171D000B9FA1 /* SFLabel.m in Sources */ = {isa = PBXBuildFile; fileRef = 6E2A9480163B171D000B9FA1 /* SFLabel.m */; };
		6E2A9484163B171D000B9FA1 /* SFLabelSegment.m in Sources */ = {isa = PBXBuildFile; fileRef = 6E2A9482163B171D000B9FA1 /* SFLabelSegment.m */; };
		6E7D7673163C45B000DF0E8A /* NafeesWeb.ttf in Resources */ = {isa = PBXBuildFile; fileRef = 6E7D7672163C45B000DF0E8A /* NafeesWeb.ttf */; };
/* End PBXBuildFile section */

/* Begin PBXContainerItemProxy section */
		6E00D21A16513AA0008E2980 /* PBXContainerItemProxy */ = {
			isa = PBXContainerItemProxy;
			containerPortal = 6E00D20F16513AA0008E2980 /* SheenFigureFT.xcodeproj */;
			proxyType = 2;
			remoteGlobalIDString = 6EC20319157AD40B002666E9;
			remoteInfo = sheenfigure;
		};
		6E00D21D16513AA7008E2980 /* PBXContainerItemProxy */ = {
			isa = PBXContainerItemProxy;
			containerPortal = 6E00D20F16513AA0008E2980 /* SheenFigureFT.xcodeproj */;
			proxyType = 1;
			remoteGlobalIDString = 6EC20318157AD40B002666E9;
			remoteInfo = sheenfigure;
		};
/* End PBXContainerItemProxy section */

/* Begin PBXFileReference section */
		6E00D20F16513AA0008E2980 /* SheenFigureFT.xcodeproj */ = {isa = PBXFileReference; lastKnownFileType = "wrapper.pb-project"; name = SheenFigureFT.xcodeproj; path = ../SheenFigure/SheenFigureFT.xcodeproj; sourceTree = "<group>"; };
		6E2A944B163B14CF000B9FA1 /* SheenFigure-iOS.app */ = {isa = PBXFileReference; explicitFileType = wrapper.application; includeInIndex = 0; path = "SheenFigure-iOS.app"; sourceTree = BUILT_PRODUCTS_DIR; };
		6E2A944F163B14CF000B9FA1 /* UIKit.framework */ = {isa = PBXFileReference; lastKnownFileType = wrapper.framework; name = UIKit.framework; path = System/Library/Frameworks/UIKit.framework; sourceTree = SDKROOT; };
		6E2A9451163B14CF000B9FA1 /* Foundation.framework */ = {isa = PBXFileReference; lastKnownFileType = wrapper.framework; name = Foundation.framework; path = System/Library/Frameworks/Foundation.framework; sourceTree = SDKROOT; };
		6E2A9453163B14CF000B9FA1 /* CoreGraphics.framework */ = {isa = PBXFileReference; lastKnownFileType = wrapper.framework; name = CoreGraphics.framework; path = System/Library/Frameworks/CoreGraphics.framework; sourceTree = SDKROOT; };
		6E2A9457163B14CF000B9FA1 /* SheenFigure-iOS-Info.plist */ = {isa = PBXFileReference; lastKnownFileType = text.plist.xml; path = "SheenFigure-iOS-Info.plist"; sourceTree = "<group>"; };
		6E2A9459163B14CF000B9FA1 /* en */ = {isa = PBXFileReference; lastKnownFileType = text.plist.strings; name = en; path = en.lproj/InfoPlist.strings; sourceTree = "<group>"; };
		6E2A945B163B14CF000B9FA1 /* main.m */ = {isa = PBXFileReference; lastKnownFileType = sourcecode.c.objc; path = main.m; sourceTree = "<group>"; };
		6E2A945D163B14CF000B9FA1 /* SheenFigure-iOS-Prefix.pch */ = {isa = PBXFileReference; lastKnownFileType = sourcecode.c.h; path = "SheenFigure-iOS-Prefix.pch"; sourceTree = "<group>"; };
		6E2A945E163B14CF000B9FA1 /* SSAppDelegate.h */ = {isa = PBXFileReference; lastKnownFileType = sourcecode.c.h; path = SSAppDelegate.h; sourceTree = "<group>"; };
		6E2A945F163B14CF000B9FA1 /* SSAppDelegate.m */ = {isa = PBXFileReference; lastKnownFileType = sourcecode.c.objc; path = SSAppDelegate.m; sourceTree = "<group>"; };
		6E2A9461163B14CF000B9FA1 /* Default.png */ = {isa = PBXFileReference; lastKnownFileType = image.png; path = Default.png; sourceTree = "<group>"; };
		6E2A9463163B14CF000B9FA1 /* Default@2x.png */ = {isa = PBXFileReference; lastKnownFileType = image.png; path = "Default@2x.png"; sourceTree = "<group>"; };
		6E2A9465163B14CF000B9FA1 /* Default-568h@2x.png */ = {isa = PBXFileReference; lastKnownFileType = image.png; path = "Default-568h@2x.png"; sourceTree = "<group>"; };
		6E2A9467163B14CF000B9FA1 /* SSViewController.h */ = {isa = PBXFileReference; lastKnownFileType = sourcecode.c.h; path = SSViewController.h; sourceTree = "<group>"; };
		6E2A9468163B14CF000B9FA1 /* SSViewController.m */ = {isa = PBXFileReference; lastKnownFileType = sourcecode.c.objc; path = SSViewController.m; sourceTree = "<group>"; };
		6E2A946B163B14CF000B9FA1 /* en */ = {isa = PBXFileReference; lastKnownFileType = file.xib; name = en; path = en.lproj/SSViewController_iPhone.xib; sourceTree = "<group>"; };
		6E2A946E163B14CF000B9FA1 /* en */ = {isa = PBXFileReference; lastKnownFileType = file.xib; name = en; path = en.lproj/SSViewController_iPad.xib; sourceTree = "<group>"; };
		6E2A947F163B171D000B9FA1 /* SFLabel.h */ = {isa = PBXFileReference; fileEncoding = 4; lastKnownFileType = sourcecode.c.h; path = SFLabel.h; sourceTree = "<group>"; };
		6E2A9480163B171D000B9FA1 /* SFLabel.m */ = {isa = PBXFileReference; fileEncoding = 4; lastKnownFileType = sourcecode.c.objc; path = SFLabel.m; sourceTree = "<group>"; };
		6E2A9481163B171D000B9FA1 /* SFLabelSegment.h */ = {isa = PBXFileReference; fileEncoding = 4; lastKnownFileType = sourcecode.c.h; path = SFLabelSegment.h; sourceTree = "<group>"; };
		6E2A9482163B171D000B9FA1 /* SFLabelSegment.m */ = {isa = PBXFileReference; fileEncoding = 4; lastKnownFileType = sourcecode.c.objc; path = SFLabelSegment.m; sourceTree = "<group>"; };
		6E7D7672163C45B000DF0E8A /* NafeesWeb.ttf */ = {isa = PBXFileReference; lastKnownFileType = file; path = NafeesWeb.ttf; sourceTree = "<group>"; };
/* End PBXFileReference section */

/* Begin PBXFrameworksBuildPhase section */
		6E2A9448163B14CF000B9FA1 /* Frameworks */ = {
			isa = PBXFrameworksBuildPhase;
			buildActionMask = 2147483647;
			files = (
				6E00D21F16513AAC008E2980 /* libsheenfigure.a in Frameworks */,
				6E2A9450163B14CF000B9FA1 /* UIKit.framework in Frameworks */,
				6E2A9452163B14CF000B9FA1 /* Foundation.framework in Frameworks */,
				6E2A9454163B14CF000B9FA1 /* CoreGraphics.framework in Frameworks */,
			);
			runOnlyForDeploymentPostprocessing = 0;
		};
/* End PBXFrameworksBuildPhase section */

/* Begin PBXGroup section */
		6E00D21016513AA0008E2980 /* Products */ = {
			isa = PBXGroup;
			children = (
				6E00D21B16513AA0008E2980 /* libsheenfigure.a */,
			);
			name = Products;
			sourceTree = "<group>";
		};
		6E2A9440163B14CE000B9FA1 = {
			isa = PBXGroup;
			children = (
				6E2A9455163B14CF000B9FA1 /* SheenFigure-iOS */,
				6E2A944E163B14CF000B9FA1 /* Frameworks */,
				6E2A944C163B14CF000B9FA1 /* Products */,
			);
			sourceTree = "<group>";
		};
		6E2A944C163B14CF000B9FA1 /* Products */ = {
			isa = PBXGroup;
			children = (
				6E2A944B163B14CF000B9FA1 /* SheenFigure-iOS.app */,
			);
			name = Products;
			sourceTree = "<group>";
		};
		6E2A944E163B14CF000B9FA1 /* Frameworks */ = {
			isa = PBXGroup;
			children = (
				6E00D20F16513AA0008E2980 /* SheenFigureFT.xcodeproj */,
				6E2A944F163B14CF000B9FA1 /* UIKit.framework */,
				6E2A9451163B14CF000B9FA1 /* Foundation.framework */,
				6E2A9453163B14CF000B9FA1 /* CoreGraphics.framework */,
			);
			name = Frameworks;
			sourceTree = "<group>";
		};
		6E2A9455163B14CF000B9FA1 /* SheenFigure-iOS */ = {
			isa = PBXGroup;
			children = (
				6E2A947E163B171D000B9FA1 /* SFLabel */,
				6E2A945E163B14CF000B9FA1 /* SSAppDelegate.h */,
				6E2A945F163B14CF000B9FA1 /* SSAppDelegate.m */,
				6E2A9467163B14CF000B9FA1 /* SSViewController.h */,
				6E2A9468163B14CF000B9FA1 /* SSViewController.m */,
				6E2A946A163B14CF000B9FA1 /* SSViewController_iPhone.xib */,
				6E2A946D163B14CF000B9FA1 /* SSViewController_iPad.xib */,
				6E2A9456163B14CF000B9FA1 /* Supporting Files */,
			);
			path = "SheenFigure-iOS";
			sourceTree = "<group>";
		};
		6E2A9456163B14CF000B9FA1 /* Supporting Files */ = {
			isa = PBXGroup;
			children = (
				6E2A9461163B14CF000B9FA1 /* Default.png */,
				6E2A9463163B14CF000B9FA1 /* Default@2x.png */,
				6E2A9465163B14CF000B9FA1 /* Default-568h@2x.png */,
				6E7D7672163C45B000DF0E8A /* NafeesWeb.ttf */,
				6E2A9457163B14CF000B9FA1 /* SheenFigure-iOS-Info.plist */,
				6E2A9458163B14CF000B9FA1 /* InfoPlist.strings */,
				6E2A945B163B14CF000B9FA1 /* main.m */,
				6E2A945D163B14CF000B9FA1 /* SheenFigure-iOS-Prefix.pch */,
			);
			name = "Supporting Files";
			sourceTree = "<group>";
		};
		6E2A947E163B171D000B9FA1 /* SFLabel */ = {
			isa = PBXGroup;
			children = (
				6E2A947F163B171D000B9FA1 /* SFLabel.h */,
				6E2A9480163B171D000B9FA1 /* SFLabel.m */,
				6E2A9481163B171D000B9FA1 /* SFLabelSegment.h */,
				6E2A9482163B171D000B9FA1 /* SFLabelSegment.m */,
			);
			path = SFLabel;
			sourceTree = "<group>";
		};
/* End PBXGroup section */

/* Begin PBXNativeTarget section */
		6E2A944A163B14CF000B9FA1 /* SheenFigure-iOS */ = {
			isa = PBXNativeTarget;
			buildConfigurationList = 6E2A9472163B14CF000B9FA1 /* Build configuration list for PBXNativeTarget "SheenFigure-iOS" */;
			buildPhases = (
				6E2A9447163B14CF000B9FA1 /* Sources */,
				6E2A9448163B14CF000B9FA1 /* Frameworks */,
				6E2A9449163B14CF000B9FA1 /* Resources */,
			);
			buildRules = (
			);
			dependencies = (
				6E00D21E16513AA7008E2980 /* PBXTargetDependency */,
			);
			name = "SheenFigure-iOS";
			productName = "SheenFigure-iOS";
			productReference = 6E2A944B163B14CF000B9FA1 /* SheenFigure-iOS.app */;
			productType = "com.apple.product-type.application";
		};
/* End PBXNativeTarget section */

/* Begin PBXProject section */
		6E2A9442163B14CE000B9FA1 /* Project object */ = {
			isa = PBXProject;
			attributes = {
				CLASSPREFIX = SS;
				LastUpgradeCheck = 0450;
				ORGANIZATIONNAME = "Sheen Solutions";
			};
			buildConfigurationList = 6E2A9445163B14CE000B9FA1 /* Build configuration list for PBXProject "SheenFigure-iOS" */;
			compatibilityVersion = "Xcode 3.2";
			developmentRegion = English;
			hasScannedForEncodings = 0;
			knownRegions = (
				en,
			);
			mainGroup = 6E2A9440163B14CE000B9FA1;
			productRefGroup = 6E2A944C163B14CF000B9FA1 /* Products */;
			projectDirPath = "";
			projectReferences = (
				{
					ProductGroup = 6E00D21016513AA0008E2980 /* Products */;
					ProjectRef = 6E00D20F16513AA0008E2980 /* SheenFigureFT.xcodeproj */;
				},
			);
			projectRoot = "";
			targets = (
				6E2A944A163B14CF000B9FA1 /* SheenFigure-iOS */,
			);
		};
/* End PBXProject section */

/* Begin PBXReferenceProxy section */
		6E00D21B16513AA0008E2980 /* libsheenfigure.a */ = {
			isa = PBXReferenceProxy;
			fileType = archive.ar;
			path = libsheenfigure.a;
			remoteRef = 6E00D21A16513AA0008E2980 /* PBXContainerItemProxy */;
			sourceTree = BUILT_PRODUCTS_DIR;
		};
/* End PBXReferenceProxy section */

/* Begin PBXResourcesBuildPhase section */
		6E2A9449163B14CF000B9FA1 /* Resources */ = {
			isa = PBXResourcesBuildPhase;
			buildActionMask = 2147483647;
			files = (
				6E2A945A163B14CF000B9FA1 /* InfoPlist.strings in Resources */,
				6E2A9462163B14CF000B9FA1 /* Default.png in Resources */,
				6E2A9464163B14CF000B9FA1 /* Default@2x.png in Resources */,
				6E2A9466163B14CF000B9FA1 /* Default-568h@2x.png in Resources */,
				6E2A946C163B14CF000B9FA1 /* SSViewController_iPhone.xib in Resources */,
				6E2A946F163B14CF000B9FA1 /* SSViewController_iPad.xib in Resources */,
				6E7D7673163C45B000DF0E8A /* NafeesWeb.ttf in Resources */,
			);
			runOnlyForDeploymentPostprocessing = 0;
		};
/* End PBXResourcesBuildPhase section */

/* Begin PBXSourcesBuildPhase section */
		6E2A9447163B14CF000B9FA1 /* Sources */ = {
			isa = PBXSourcesBuildPhase;
			buildActionMask = 2147483647;
			files = (
				6E2A945C163B14CF000B9FA1 /* main.m in Sources */,
				6E2A9460163B14CF000B9FA1 /* SSAppDelegate.m in Sources */,
				6E2A9469163B14CF000B9FA1 /* SSViewController.m in Sources */,
				6E2A9483163B171D000B9FA1 /* SFLabel.m in Sources */,
				6E2A9484163B171D000B9FA1 /* SFLabelSegment.m in Sources */,
			);
			runOnlyForDeploymentPostprocessing = 0;
		};
/* End PBXSourcesBuildPhase section */

/* Begin PBXTargetDependency section */
		6E00D21E16513AA7008E2980 /* PBXTargetDependency */ = {
			isa = PBXTargetDependency;
			name = sheenfigure;
			targetProxy = 6E00D21D16513AA7008E2980 /* PBXContainerItemProxy */;
		};
/* End PBXTargetDependency section */

/* Begin PBXVariantGroup section */
		6E2A9458163B14CF000B9FA1 /* InfoPlist.strings */ = {
			isa = PBXVariantGroup;
			children = (
				6E2A9459163B14CF000B9FA1 /* en */,
			);
			name = InfoPlist.strings;
			sourceTree = "<group>";
		};
		6E2A946A163B14CF000B9FA1 /* SSViewController_iPhone.xib */ = {
			isa = PBXVariantGroup;
			children = (
				6E2A946B163B14CF000B9FA1 /* en */,
			);
			name = SSViewController_iPhone.xib;
			sourceTree = "<group>";
		};
		6E2A946D163B14CF000B9FA1 /* SSViewController_iPad.xib */ = {
			isa = PBXVariantGroup;
			children = (
				6E2A946E163B14CF000B9FA1 /* en */,
			);
			name = SSViewController_iPad.xib;
			sourceTree = "<group>";
		};
/* End PBXVariantGroup section */

/* Begin XCBuildConfiguration section */
		6E2A9470163B14CF000B9FA1 /* Debug */ = {
			isa = XCBuildConfiguration;
			buildSettings = {
				ALWAYS_SEARCH_USER_PATHS = NO;
				CLANG_CXX_LANGUAGE_STANDARD = "gnu++0x";
				CLANG_CXX_LIBRARY = "libc++";
				CLANG_WARN_EMPTY_BODY = YES;
				CLANG_WARN__DUPLICATE_METHOD_MATCH = YES;
				"CODE_SIGN_IDENTITY[sdk=iphoneos*]" = "iPhone Developer";
				COPY_PHASE_STRIP = NO;
				GCC_C_LANGUAGE_STANDARD = gnu99;
				GCC_DYNAMIC_NO_PIC = NO;
				GCC_OPTIMIZATION_LEVEL = 0;
				GCC_PREPROCESSOR_DEFINITIONS = (
					"DEBUG=1",
					"$(inherited)",
				);
				GCC_SYMBOLS_PRIVATE_EXTERN = NO;
				GCC_WARN_ABOUT_RETURN_TYPE = YES;
				GCC_WARN_UNINITIALIZED_AUTOS = YES;
				GCC_WARN_UNUSED_VARIABLE = YES;
				HEADER_SEARCH_PATHS = (
					../SheenFigure,
					../SheenFigure/SFGraphics,
					../FreeType/include,
				);
				IPHONEOS_DEPLOYMENT_TARGET = 4.3;
				OTHER_CFLAGS = "";
				SDKROOT = iphoneos;
				TARGETED_DEVICE_FAMILY = "1,2";
			};
			name = Debug;
		};
		6E2A9471163B14CF000B9FA1 /* Release */ = {
			isa = XCBuildConfiguration;
			buildSettings = {
				ALWAYS_SEARCH_USER_PATHS = NO;
				CLANG_CXX_LANGUAGE_STANDARD = "gnu++0x";
				CLANG_CXX_LIBRARY = "libc++";
				CLANG_WARN_EMPTY_BODY = YES;
				CLANG_WARN__DUPLICATE_METHOD_MATCH = YES;
				"CODE_SIGN_IDENTITY[sdk=iphoneos*]" = "iPhone Developer";
				COPY_PHASE_STRIP = YES;
				GCC_C_LANGUAGE_STANDARD = gnu99;
				GCC_WARN_ABOUT_RETURN_TYPE = YES;
				GCC_WARN_UNINITIALIZED_AUTOS = YES;
				GCC_WARN_UNUSED_VARIABLE = YES;
				HEADER_SEARCH_PATHS = (
					../SheenFigure,
					../SheenFigure/SFGraphics,
					../FreeType/include,
				);
				IPHONEOS_DEPLOYMENT_TARGET = 4.3;
				OTHER_CFLAGS = "";
				SDKROOT = iphoneos;
				TARGETED_DEVICE_FAMILY = "1,2";
				VALIDATE_PRODUCT = YES;
			};
			name = Release;
		};
		6E2A9473163B14CF000B9FA1 /* Debug */ = {
			isa = XCBuildConfiguration;
			buildSettings = {
				GCC_PRECOMPILE_PREFIX_HEADER = YES;
				GCC_PREFIX_HEADER = "SheenFigure-iOS/SheenFigure-iOS-Prefix.pch";
				INFOPLIST_FILE = "SheenFigure-iOS/SheenFigure-iOS-Info.plist";
				PRODUCT_NAME = "$(TARGET_NAME)";
				WRAPPER_EXTENSION = app;
			};
			name = Debug;
		};
		6E2A9474163B14CF000B9FA1 /* Release */ = {
			isa = XCBuildConfiguration;
			buildSettings = {
				GCC_PRECOMPILE_PREFIX_HEADER = YES;
				GCC_PREFIX_HEADER = "SheenFigure-iOS/SheenFigure-iOS-Prefix.pch";
				INFOPLIST_FILE = "SheenFigure-iOS/SheenFigure-iOS-Info.plist";
				PRODUCT_NAME = "$(TARGET_NAME)";
				WRAPPER_EXTENSION = app;
			};
			name = Release;
		};
/* End XCBuildConfiguration section */

/* Begin XCConfigurationList section */
		6E2A9445163B14CE000B9FA1 /* Build configuration list for PBXProject "SheenFigure-iOS" */ = {
			isa = XCConfigurationList;
			buildConfigurations = (
				6E2A9470163B14CF000B9FA1 /* Debug */,
				6E2A9471163B14CF000B9FA1 /* Release */,
			);
			defaultConfigurationIsVisible = 0;
			defaultConfigurationName = Release;
		};
		6E2A9472163B14CF000B9FA1 /* Build configuration list for PBXNativeTarget "SheenFigure-iOS" */ = {
			isa = XCConfigurationList;
			buildConfigurations = (
				6E2A9473163B14CF000B9FA1 /* Debug */,
				6E2A9474163B14CF000B9FA1 /* Release */,
			);
			defaultConfigurationIsVisible = 0;
			defaultConfigurationName = Release;
		};
/* End XCConfigurationList section */
	};
	rootObject = 6E2A9442163B14CE000B9FA1 /* Project object */;
}
