<?xml version="1.0" encoding="utf-8"?>
<Project ToolsVersion="4.0" xmlns="http://schemas.microsoft.com/developer/msbuild/2003">
  <ItemGroup>
    <Filter Include="SFInternal">
      <UniqueIdentifier>{a736cb3c-7426-49a4-aad6-cefdd064d26d}</UniqueIdentifier>
    </Filter>
	<Filter Include="SFInternal\bidi">
      <UniqueIdentifier>{29b7172d-9b1b-4dea-aea8-209a66f0ab7a}</UniqueIdentifier>
    </Filter>
    <Filter Include="SFInternal\ssunistr">
      <UniqueIdentifier>{5b1c92e1-5dd0-4624-bec9-160d7aeea119}</UniqueIdentifier>
    </Filter>
    <Filter Include="SFGraphics">
      <UniqueIdentifier>{b1778253-4dbc-443a-88d9-4022f7562283}</UniqueIdentifier>
    </Filter>
  </ItemGroup>
  <ItemGroup>
    <ClInclude Include="SFConfig.h" />
    <ClInclude Include="SFTypes.h" />
    <ClInclude Include="SFInternal\bidi\bidi.h">
      <Filter>SFInternal\bidi</Filter>
    </ClInclude>
    <ClInclude Include="SFInternal\bidi\bidi_class.h">
      <Filter>SFInternal\bidi</Filter>
    </ClInclude>
    <ClInclude Include="SFInternal\bidi\interaction.h">
      <Filter>SFInternal\bidi</Filter>
    </ClInclude>
    <ClInclude Include="SFInternal\ssunistr\ssunistr.h">
      <Filter>SFInternal\ssunistr</Filter>
    </ClInclude>
    <ClInclude Include="SFInternal\SFCMAPData.h">
      <Filter>SFInternal</Filter>
    </ClInclude>
    <ClInclude Include="SFInternal\SFCMAPUtilization.h">
      <Filter>SFInternal</Filter>
    </ClInclude>
    <ClInclude Include="SFInternal\SFCommonData.h">
      <Filter>SFInternal</Filter>
    </ClInclude>
    <ClInclude Include="SFInternal\SFCommonMethods.h">
      <Filter>SFInternal</Filter>
    </ClInclude>
    <ClInclude Include="SFInternal\SFGDEFData.h">
      <Filter>SFInternal</Filter>
    </ClInclude>
    <ClInclude Include="SFInternal\SFGDEFUtilization.h">
      <Filter>SFInternal</Filter>
    </ClInclude>
    <ClInclude Include="SFInternal\SFGlobal.h">
      <Filter>SFInternal</Filter>
    </ClInclude>
    <ClInclude Include="SFInternal\SFGPOSData.h">
      <Filter>SFInternal</Filter>
    </ClInclude>
    <ClInclude Include="SFInternal\SFGPOSUtilization.h">
      <Filter>SFInternal</Filter>
    </ClInclude>
    <ClInclude Include="SFInternal\SFGSUBData.h">
      <Filter>SFInternal</Filter>
    </ClInclude>
    <ClInclude Include="SFInternal\SFGSUBUtilization.h">
      <Filter>SFInternal</Filter>
    </ClInclude>
    <ClInclude Include="SFInternal\SFInternal.h">
      <Filter>SFInternal</Filter>
    </ClInclude>
	<ClInclude Include="SFGraphics\SFFont.h">
      <Filter>SFGraphics</Filter>
    </ClInclude>
    <ClInclude Include="SFGraphics\SFText.h">
      <Filter>SFGraphics</Filter>
    </ClInclude>
  </ItemGroup>
  <ItemGroup>
    <ClCompile Include="SFInternal\bidi\bidi.c">
      <Filter>SFInternal\bidi</Filter>
    </ClCompile>
    <ClCompile Include="SFInternal\bidi\interaction.c">
      <Filter>SFInternal\bidi</Filter>
    </ClCompile>
    <ClCompile Include="SFInternal\ssunistr\ssunistr.c">
      <Filter>SFInternal\ssunistr</Filter>
    </ClCompile>
    <ClCompile Include="SFInternal\SFCMAPData.c">
      <Filter>SFInternal</Filter>
    </ClCompile>
    <ClCompile Include="SFInternal\SFCMAPUtilization.c">
      <Filter>SFInternal</Filter>
    </ClCompile>
    <ClCompile Include="SFInternal\SFCommonData.c">
      <Filter>SFInternal</Filter>
    </ClCompile>
    <ClCompile Include="SFInternal\SFCommonMethods.c">
      <Filter>SFInternal</Filter>
    </ClCompile>
    <ClCompile Include="SFInternal\SFGDEFData.c">
      <Filter>SFInternal</Filter>
    </ClCompile>
    <ClCompile Include="SFInternal\SFGDEFUtilization.c">
      <Filter>SFInternal</Filter>
    </ClCompile>
    <ClCompile Include="SFInternal\SFGPOSData.c">
      <Filter>SFInternal</Filter>
    </ClCompile>
    <ClCompile Include="SFInternal\SFGPOSUtilization.c">
      <Filter>SFInternal</Filter>
    </ClCompile>
    <ClCompile Include="SFInternal\SFGSUBData.c">
      <Filter>SFInternal</Filter>
    </ClCompile>
    <ClCompile Include="SFInternal\SFGSUBUtilization.c">
      <Filter>SFInternal</Filter>
    </ClCompile>
    <ClCompile Include="SFInternal\SFInternal.c">
      <Filter>SFInternal</Filter>
    </ClCompile>
	<ClCompile Include="SFGraphics\SFFont.c">
      <Filter>SFGraphics</Filter>
    </ClCompile>
    <ClCompile Include="SFGraphics\SFText.c">
      <Filter>SFGraphics</Filter>
    </ClCompile>
  </ItemGroup>
  <ItemGroup>
    <None Include="SFInternal\bidi\fribidi_tab_char_type_9.i">
      <Filter>SFInternal\bidi</Filter>
    </None>
    <None Include="SFInternal\bidi\fribidi_tab_mirroring.i">
      <Filter>SFInternal\bidi</Filter>
    </None>
  </ItemGroup>
</Project>